
Microsoft Visual Studio Solution File, Format Version 12.00
# Visual Studio Version 17
VisualStudioVersion = 17.7.34024.191
MinimumVisualStudioVersion = 10.0.40219.1
Project("{FAE04EC0-301F-11D3-BF4B-00C04F79EFBC}") = "UNO-Projekt", "UNO-Projekt.csproj", "{B09CEC44-4415-4A5F-8C02-AA3BAFB8782D}"
EndProject
Global
	GlobalSection(SolutionConfigurationPlatforms) = preSolution
		Debug|Any CPU = Debug|Any CPU
		Release|Any CPU = Release|Any CPU
	EndGlobalSection
	GlobalSection(ProjectConfigurationPlatforms) = postSolution
		{B09CEC44-4415-4A5F-8C02-AA3BAFB8782D}.Debug|Any CPU.ActiveCfg = Debug|Any CPU
		{B09CEC44-4415-4A5F-8C02-AA3BAFB8782D}.Debug|Any CPU.Build.0 = Debug|Any CPU
		{B09CEC44-4415-4A5F-8C02-AA3BAFB8782D}.Release|Any CPU.ActiveCfg = Release|Any CPU
		{B09CEC44-4415-4A5F-8C02-AA3BAFB8782D}.Release|Any CPU.Build.0 = Release|Any CPU
	EndGlobalSection
	GlobalSection(SolutionProperties) = preSolution
		HideSolutionNode = FALSE
	EndGlobalSection
	GlobalSection(ExtensibilityGlobals) = postSolution
		SolutionGuid = {CEB6849F-8717-4522-839D-3E56BE087651}
	EndGlobalSection
EndGlobal
